PODS:
  - Flutter (1.0.0)
  - phonecallstate (0.0.1):
    - Flutter

DEPENDENCIES:
  - Flutter (from `.symlinks/flutter/ios`)
  - phonecallstate (from `.symlinks/plugins/phonecallstate/ios`)

EXTERNAL SOURCES:
  Flutter:
    :path: ".symlinks/flutter/ios"
  phonecallstate:
    :path: ".symlinks/plugins/phonecallstate/ios"

SPEC CHECKSUMS:
  Flutter: 58dd7d1b27887414a370fcccb9e645c08ffd7a6a
  phonecallstate: 6bf22b8f38a493fdff44cf1c6284360c5a213335

PODFILE CHECKSUM: a6ee52e031efd1cf792a76756805f2c4f65a6fb9

COCOAPODS: 1.6.1
